
Microsoft Visual Studio Solution File, Format Version 12.00
# Visual Studio Version 16
VisualStudioVersion = 16.0.29728.190
MinimumVisualStudioVersion = 10.0.40219.1
Project("{FAE04EC0-301F-11D3-BF4B-00C04F79EFBC}") = "MvcCoreUploadAndDisplayImage_Demo", "MvcCoreUploadAndDisplayImage_Demo\MvcCoreUploadAndDisplayImage_Demo.csproj", "{BF1AA11F-470F-4375-AC0F-BA0B2CF5615E}"
EndProject
Global
	GlobalSection(SolutionConfigurationPlatforms) = preSolution
		Debug|Any CPU = Debug|Any CPU
		Release|Any CPU = Release|Any CPU
	EndGlobalSection
	GlobalSection(ProjectConfigurationPlatforms) = postSolution
		{BF1AA11F-470F-4375-AC0F-BA0B2CF5615E}.Debug|Any CPU.ActiveCfg = Debug|Any CPU
		{BF1AA11F-470F-4375-AC0F-BA0B2CF5615E}.Debug|Any CPU.Build.0 = Debug|Any CPU
		{BF1AA11F-470F-4375-AC0F-BA0B2CF5615E}.Release|Any CPU.ActiveCfg = Release|Any CPU
		{BF1AA11F-470F-4375-AC0F-BA0B2CF5615E}.Release|Any CPU.Build.0 = Release|Any CPU
	EndGlobalSection
	GlobalSection(SolutionProperties) = preSolution
		HideSolutionNode = FALSE
	EndGlobalSection
	GlobalSection(ExtensibilityGlobals) = postSolution
		SolutionGuid = {5C3F3F04-7455-42A0-9690-25DCBDBE2F54}
	EndGlobalSection
EndGlobal
